<Solution>
  <Project Path="FlappyBird.Logic.csproj" />
  <Project Path="FlappyBird.Core.csproj" />
  <Project Path="DOTween.Modules.csproj" />
  <Project Path="FlappyBird.Audio.csproj" />
  <Project Path="Assembly-CSharp-Editor.csproj" />
  <Project Path="FlappyBird.UI.csproj" />
  <Project Path="FlappyBird.csproj" />
  <Project Path="Flappy.Interface.csproj" />
  <Project Path="FlappyBird.Controls.csproj" />
  <Project Path="FlappyBird.Editor.csproj" />
</Solution>
